
Microsoft Visual Studio Solution File, Format Version 12.00
# Visual Studio Version 17
VisualStudioVersion = 17.13.35913.81 d17.13
MinimumVisualStudioVersion = 10.0.40219.1
Project("{FAE04EC0-301F-11D3-BF4B-00C04F79EFBC}") = "InventoryManagementAPI", "InventoryManagementAPI.csproj", "{09E0B5CE-AC3A-4E2F-9D47-30632478D7F2}"
EndProject
Global
	GlobalSection(SolutionConfigurationPlatforms) = preSolution
		Debug|Any CPU = Debug|Any CPU
		Release|Any CPU = Release|Any CPU
	EndGlobalSection
	GlobalSection(ProjectConfigurationPlatforms) = postSolution
		{09E0B5CE-AC3A-4E2F-9D47-30632478D7F2}.Debug|Any CPU.ActiveCfg = Debug|Any CPU
		{09E0B5CE-AC3A-4E2F-9D47-30632478D7F2}.Debug|Any CPU.Build.0 = Debug|Any CPU
		{09E0B5CE-AC3A-4E2F-9D47-30632478D7F2}.Release|Any CPU.ActiveCfg = Release|Any CPU
		{09E0B5CE-AC3A-4E2F-9D47-30632478D7F2}.Release|Any CPU.Build.0 = Release|Any CPU
	EndGlobalSection
	GlobalSection(SolutionProperties) = preSolution
		HideSolutionNode = FALSE
	EndGlobalSection
	GlobalSection(ExtensibilityGlobals) = postSolution
		SolutionGuid = {E1EB3853-8F25-4574-B711-2755B1DE7802}
	EndGlobalSection
EndGlobal
